// !$*UTF8*$!
{
	archiveVersion = 1;
	classes = {
	};
	objectVersion = 46;
	objects = {

/* Begin PBXBuildFile section */
		C0CC3C251EA319E4003682BD /* main.m in Sources */ = {isa = PBXBuildFile; fileRef = C0CC3C241EA319E4003682BD /* main.m */; };
		C0CC3C281EA319E4003682BD /* AppDelegate.m in Sources */ = {isa = PBXBuildFile; fileRef = C0CC3C271EA319E4003682BD /* AppDelegate.m */; };
		C0CC3C2B1EA319E4003682BD /* ViewController.m in Sources */ = {isa = PBXBuildFile; fileRef = C0CC3C2A1EA319E4003682BD /* ViewController.m */; };
		C0CC3C2E1EA319E4003682BD /* Main.storyboard in Resources */ = {isa = PBXBuildFile; fileRef = C0CC3C2C1EA319E4003682BD /* Main.storyboard */; };
		C0CC3C301EA319E4003682BD /* Assets.xcassets in Resources */ = {isa = PBXBuildFile; fileRef = C0CC3C2F1EA319E4003682BD /* Assets.xcassets */; };
		C0CC3C331EA319E4003682BD /* LaunchScreen.storyboard in Resources */ = {isa = PBXBuildFile; fileRef = C0CC3C311EA319E4003682BD /* LaunchScreen.storyboard */; };
		C0CC3C3C1EA31B34003682BD /* libsqlite3.0.tbd in Frameworks */ = {isa = PBXBuildFile; fileRef = C0CC3C3B1EA31B34003682BD /* libsqlite3.0.tbd */; };
/* End PBXBuildFile section */

/* Begin PBXFileReference section */
		C0CC3C201EA319E4003682BD /* 13.5.3 数据记录的操作.app */ = {isa = PBXFileReference; explicitFileType = wrapper.application; includeInIndex = 0; path = "13.5.3 数据记录的操作.app"; sourceTree = BUILT_PRODUCTS_DIR; };
		C0CC3C241EA319E4003682BD /* main.m */ = {isa = PBXFileReference; lastKnownFileType = sourcecode.c.objc; path = main.m; sourceTree = "<group>"; };
		C0CC3C261EA319E4003682BD /* AppDelegate.h */ = {isa = PBXFileReference; lastKnownFileType = sourcecode.c.h; path = AppDelegate.h; sourceTree = "<group>"; };
		C0CC3C271EA319E4003682BD /* AppDelegate.m */ = {isa = PBXFileReference; lastKnownFileType = sourcecode.c.objc; path = AppDelegate.m; sourceTree = "<group>"; };
		C0CC3C291EA319E4003682BD /* ViewController.h */ = {isa = PBXFileReference; lastKnownFileType = sourcecode.c.h; path = ViewController.h; sourceTree = "<group>"; };
		C0CC3C2A1EA319E4003682BD /* ViewController.m */ = {isa = PBXFileReference; lastKnownFileType = sourcecode.c.objc; path = ViewController.m; sourceTree = "<group>"; };
		C0CC3C2D1EA319E4003682BD /* Base */ = {isa = PBXFileReference; lastKnownFileType = file.storyboard; name = Base; path = Base.lproj/Main.storyboard; sourceTree = "<group>"; };
		C0CC3C2F1EA319E4003682BD /* Assets.xcassets */ = {isa = PBXFileReference; lastKnownFileType = folder.assetcatalog; path = Assets.xcassets; sourceTree = "<group>"; };
		C0CC3C321EA319E4003682BD /* Base */ = {isa = PBXFileReference; lastKnownFileType = file.storyboard; name = Base; path = Base.lproj/LaunchScreen.storyboard; sourceTree = "<group>"; };
		C0CC3C341EA319E4003682BD /* Info.plist */ = {isa = PBXFileReference; lastKnownFileType = text.plist.xml; path = Info.plist; sourceTree = "<group>"; };
		C0CC3C3B1EA31B34003682BD /* libsqlite3.0.tbd */ = {isa = PBXFileReference; lastKnownFileType = "sourcecode.text-based-dylib-definition"; name = libsqlite3.0.tbd; path = usr/lib/libsqlite3.0.tbd; sourceTree = SDKROOT; };
/* End PBXFileReference section */

/* Begin PBXFrameworksBuildPhase section */
		C0CC3C1D1EA319E4003682BD /* Frameworks */ = {
			isa = PBXFrameworksBuildPhase;
			buildActionMask = 2147483647;
			files = (
				C0CC3C3C1EA31B34003682BD /* libsqlite3.0.tbd in Frameworks */,
			);
			runOnlyForDeploymentPostprocessing = 0;
		};
/* End PBXFrameworksBuildPhase section */

/* Begin PBXGroup section */
		C0CC3C171EA319E3003682BD = {
			isa = PBXGroup;
			children = (
				C0CC3C221EA319E4003682BD /* 13.5.3 数据记录的操作 */,
				C0CC3C211EA319E4003682BD /* Products */,
				C0CC3C3A1EA31B34003682BD /* Frameworks */,
			);
			sourceTree = "<group>";
		};
		C0CC3C211EA319E4003682BD /* Products */ = {
			isa = PBXGroup;
			children = (
				C0CC3C201EA319E4003682BD /* 13.5.3 数据记录的操作.app */,
			);
			name = Products;
			sourceTree = "<group>";
		};
		C0CC3C221EA319E4003682BD /* 13.5.3 数据记录的操作 */ = {
			isa = PBXGroup;
			children = (
				C0CC3C261EA319E4003682BD /* AppDelegate.h */,
				C0CC3C271EA319E4003682BD /* AppDelegate.m */,
				C0CC3C291EA319E4003682BD /* ViewController.h */,
				C0CC3C2A1EA319E4003682BD /* ViewController.m */,
				C0CC3C2C1EA319E4003682BD /* Main.storyboard */,
				C0CC3C2F1EA319E4003682BD /* Assets.xcassets */,
				C0CC3C311EA319E4003682BD /* LaunchScreen.storyboard */,
				C0CC3C341EA319E4003682BD /* Info.plist */,
				C0CC3C231EA319E4003682BD /* Supporting Files */,
			);
			path = "13.5.3 数据记录的操作";
			sourceTree = "<group>";
		};
		C0CC3C231EA319E4003682BD /* Supporting Files */ = {
			isa = PBXGroup;
			children = (
				C0CC3C241EA319E4003682BD /* main.m */,
			);
			name = "Supporting Files";
			sourceTree = "<group>";
		};
		C0CC3C3A1EA31B34003682BD /* Frameworks */ = {
			isa = PBXGroup;
			children = (
				C0CC3C3B1EA31B34003682BD /* libsqlite3.0.tbd */,
			);
			name = Frameworks;
			sourceTree = "<group>";
		};
/* End PBXGroup section */

/* Begin PBXNativeTarget section */
		C0CC3C1F1EA319E4003682BD /* 13.5.3 数据记录的操作 */ = {
			isa = PBXNativeTarget;
			buildConfigurationList = C0CC3C371EA319E4003682BD /* Build configuration list for PBXNativeTarget "13.5.3 数据记录的操作" */;
			buildPhases = (
				C0CC3C1C1EA319E4003682BD /* Sources */,
				C0CC3C1D1EA319E4003682BD /* Frameworks */,
				C0CC3C1E1EA319E4003682BD /* Resources */,
			);
			buildRules = (
			);
			dependencies = (
			);
			name = "13.5.3 数据记录的操作";
			productName = "13.5.3 数据记录的操作";
			productReference = C0CC3C201EA319E4003682BD /* 13.5.3 数据记录的操作.app */;
			productType = "com.apple.product-type.application";
		};
/* End PBXNativeTarget section */

/* Begin PBXProject section */
		C0CC3C181EA319E3003682BD /* Project object */ = {
			isa = PBXProject;
			attributes = {
				LastUpgradeCheck = 0830;
				ORGANIZATIONNAME = Liz;
				TargetAttributes = {
					C0CC3C1F1EA319E4003682BD = {
						CreatedOnToolsVersion = 8.3.1;
						ProvisioningStyle = Automatic;
					};
				};
			};
			buildConfigurationList = C0CC3C1B1EA319E3003682BD /* Build configuration list for PBXProject "13.5.3 数据记录的操作" */;
			compatibilityVersion = "Xcode 3.2";
			developmentRegion = English;
			hasScannedForEncodings = 0;
			knownRegions = (
				en,
				Base,
			);
			mainGroup = C0CC3C171EA319E3003682BD;
			productRefGroup = C0CC3C211EA319E4003682BD /* Products */;
			projectDirPath = "";
			projectRoot = "";
			targets = (
				C0CC3C1F1EA319E4003682BD /* 13.5.3 数据记录的操作 */,
			);
		};
/* End PBXProject section */

/* Begin PBXResourcesBuildPhase section */
		C0CC3C1E1EA319E4003682BD /* Resources */ = {
			isa = PBXResourcesBuildPhase;
			buildActionMask = 2147483647;
			files = (
				C0CC3C331EA319E4003682BD /* LaunchScreen.storyboard in Resources */,
				C0CC3C301EA319E4003682BD /* Assets.xcassets in Resources */,
				C0CC3C2E1EA319E4003682BD /* Main.storyboard in Resources */,
			);
			runOnlyForDeploymentPostprocessing = 0;
		};
/* End PBXResourcesBuildPhase section */

/* Begin PBXSourcesBuildPhase section */
		C0CC3C1C1EA319E4003682BD /* Sources */ = {
			isa = PBXSourcesBuildPhase;
			buildActionMask = 2147483647;
			files = (
				C0CC3C2B1EA319E4003682BD /* ViewController.m in Sources */,
				C0CC3C281EA319E4003682BD /* AppDelegate.m in Sources */,
				C0CC3C251EA319E4003682BD /* main.m in Sources */,
			);
			runOnlyForDeploymentPostprocessing = 0;
		};
/* End PBXSourcesBuildPhase section */

/* Begin PBXVariantGroup section */
		C0CC3C2C1EA319E4003682BD /* Main.storyboard */ = {
			isa = PBXVariantGroup;
			children = (
				C0CC3C2D1EA319E4003682BD /* Base */,
			);
			name = Main.storyboard;
			sourceTree = "<group>";
		};
		C0CC3C311EA319E4003682BD /* LaunchScreen.storyboard */ = {
			isa = PBXVariantGroup;
			children = (
				C0CC3C321EA319E4003682BD /* Base */,
			);
			name = LaunchScreen.storyboard;
			sourceTree = "<group>";
		};
/* End PBXVariantGroup section */

/* Begin XCBuildConfiguration section */
		C0CC3C351EA319E4003682BD /* Debug */ = {
			isa = XCBuildConfiguration;
			buildSettings = {
				ALWAYS_SEARCH_USER_PATHS = NO;
				CLANG_ANALYZER_NONNULL = YES;
				CLANG_ANALYZER_NUMBER_OBJECT_CONVERSION = YES_AGGRESSIVE;
				CLANG_CXX_LANGUAGE_STANDARD = "gnu++0x";
				CLANG_CXX_LIBRARY = "libc++";
				CLANG_ENABLE_MODULES = YES;
				CLANG_ENABLE_OBJC_ARC = YES;
				CLANG_WARN_BOOL_CONVERSION = YES;
				CLANG_WARN_CONSTANT_CONVERSION = YES;
				CLANG_WARN_DIRECT_OBJC_ISA_USAGE = YES_ERROR;
				CLANG_WARN_DOCUMENTATION_COMMENTS = YES;
				CLANG_WARN_EMPTY_BODY = YES;
				CLANG_WARN_ENUM_CONVERSION = YES;
				CLANG_WARN_INFINITE_RECURSION = YES;
				CLANG_WARN_INT_CONVERSION = YES;
				CLANG_WARN_OBJC_ROOT_CLASS = YES_ERROR;
				CLANG_WARN_SUSPICIOUS_MOVE = YES;
				CLANG_WARN_UNREACHABLE_CODE = YES;
				CLANG_WARN__DUPLICATE_METHOD_MATCH = YES;
				"CODE_SIGN_IDENTITY[sdk=iphoneos*]" = "iPhone Developer";
				COPY_PHASE_STRIP = NO;
				DEBUG_INFORMATION_FORMAT = dwarf;
				ENABLE_STRICT_OBJC_MSGSEND = YES;
				ENABLE_TESTABILITY = YES;
				GCC_C_LANGUAGE_STANDARD = gnu99;
				GCC_DYNAMIC_NO_PIC = NO;
				GCC_NO_COMMON_BLOCKS = YES;
				GCC_OPTIMIZATION_LEVEL = 0;
				GCC_PREPROCESSOR_DEFINITIONS = (
					"DEBUG=1",
					"$(inherited)",
				);
				GCC_WARN_64_TO_32_BIT_CONVERSION = YES;
				GCC_WARN_ABOUT_RETURN_TYPE = YES_ERROR;
				GCC_WARN_UNDECLARED_SELECTOR = YES;
				GCC_WARN_UNINITIALIZED_AUTOS = YES_AGGRESSIVE;
				GCC_WARN_UNUSED_FUNCTION = YES;
				GCC_WARN_UNUSED_VARIABLE = YES;
				IPHONEOS_DEPLOYMENT_TARGET = 10.3;
				MTL_ENABLE_DEBUG_INFO = YES;
				ONLY_ACTIVE_ARCH = YES;
				SDKROOT = iphoneos;
			};
			name = Debug;
		};
		C0CC3C361EA319E4003682BD /* Release */ = {
			isa = XCBuildConfiguration;
			buildSettings = {
				ALWAYS_SEARCH_USER_PATHS = NO;
				CLANG_ANALYZER_NONNULL = YES;
				CLANG_ANALYZER_NUMBER_OBJECT_CONVERSION = YES_AGGRESSIVE;
				CLANG_CXX_LANGUAGE_STANDARD = "gnu++0x";
				CLANG_CXX_LIBRARY = "libc++";
				CLANG_ENABLE_MODULES = YES;
				CLANG_ENABLE_OBJC_ARC = YES;
				CLANG_WARN_BOOL_CONVERSION = YES;
				CLANG_WARN_CONSTANT_CONVERSION = YES;
				CLANG_WARN_DIRECT_OBJC_ISA_USAGE = YES_ERROR;
				CLANG_WARN_DOCUMENTATION_COMMENTS = YES;
				CLANG_WARN_EMPTY_BODY = YES;
				CLANG_WARN_ENUM_CONVERSION = YES;
				CLANG_WARN_INFINITE_RECURSION = YES;
				CLANG_WARN_INT_CONVERSION = YES;
				CLANG_WARN_OBJC_ROOT_CLASS = YES_ERROR;
				CLANG_WARN_SUSPICIOUS_MOVE = YES;
				CLANG_WARN_UNREACHABLE_CODE = YES;
				CLANG_WARN__DUPLICATE_METHOD_MATCH = YES;
				"CODE_SIGN_IDENTITY[sdk=iphoneos*]" = "iPhone Developer";
				COPY_PHASE_STRIP = NO;
				DEBUG_INFORMATION_FORMAT = "dwarf-with-dsym";
				ENABLE_NS_ASSERTIONS = NO;
				ENABLE_STRICT_OBJC_MSGSEND = YES;
				GCC_C_LANGUAGE_STANDARD = gnu99;
				GCC_NO_COMMON_BLOCKS = YES;
				GCC_WARN_64_TO_32_BIT_CONVERSION = YES;
				GCC_WARN_ABOUT_RETURN_TYPE = YES_ERROR;
				GCC_WARN_UNDECLARED_SELECTOR = YES;
				GCC_WARN_UNINITIALIZED_AUTOS = YES_AGGRESSIVE;
				GCC_WARN_UNUSED_FUNCTION = YES;
				GCC_WARN_UNUSED_VARIABLE = YES;
				IPHONEOS_DEPLOYMENT_TARGET = 10.3;
				MTL_ENABLE_DEBUG_INFO = NO;
				SDKROOT = iphoneos;
				VALIDATE_PRODUCT = YES;
			};
			name = Release;
		};
		C0CC3C381EA319E4003682BD /* Debug */ = {
			isa = XCBuildConfiguration;
			buildSettings = {
				ASSETCATALOG_COMPILER_APPICON_NAME = AppIcon;
				INFOPLIST_FILE = "13.5.3 数据记录的操作/Info.plist";
				LD_RUNPATH_SEARCH_PATHS = "$(inherited) @executable_path/Frameworks";
				PRODUCT_BUNDLE_IDENTIFIER = "com.99ios.-3-5-3--------";
				PRODUCT_NAME = "$(TARGET_NAME)";
			};
			name = Debug;
		};
		C0CC3C391EA319E4003682BD /* Release */ = {
			isa = XCBuildConfiguration;
			buildSettings = {
				ASSETCATALOG_COMPILER_APPICON_NAME = AppIcon;
				INFOPLIST_FILE = "13.5.3 数据记录的操作/Info.plist";
				LD_RUNPATH_SEARCH_PATHS = "$(inherited) @executable_path/Frameworks";
				PRODUCT_BUNDLE_IDENTIFIER = "com.99ios.-3-5-3--------";
				PRODUCT_NAME = "$(TARGET_NAME)";
			};
			name = Release;
		};
/* End XCBuildConfiguration section */

/* Begin XCConfigurationList section */
		C0CC3C1B1EA319E3003682BD /* Build configuration list for PBXProject "13.5.3 数据记录的操作" */ = {
			isa = XCConfigurationList;
			buildConfigurations = (
				C0CC3C351EA319E4003682BD /* Debug */,
				C0CC3C361EA319E4003682BD /* Release */,
			);
			defaultConfigurationIsVisible = 0;
			defaultConfigurationName = Release;
		};
		C0CC3C371EA319E4003682BD /* Build configuration list for PBXNativeTarget "13.5.3 数据记录的操作" */ = {
			isa = XCConfigurationList;
			buildConfigurations = (
				C0CC3C381EA319E4003682BD /* Debug */,
				C0CC3C391EA319E4003682BD /* Release */,
			);
			defaultConfigurationIsVisible = 0;
		};
/* End XCConfigurationList section */
	};
	rootObject = C0CC3C181EA319E3003682BD /* Project object */;
}
